
Microsoft Visual Studio Solution File, Format Version 12.00
# Visual Studio Version 16
VisualStudioVersion = 16.0.30804.86
MinimumVisualStudioVersion = 10.0.40219.1
Project("{FAE04EC0-301F-11D3-BF4B-00C04F79EFBC}") = "RecogidasMasivas.Server", "RecogidasMasivas\Server\RecogidasMasivas.Server.csproj", "{30B64287-0150-47C9-AB86-1B1B4B6614A1}"
EndProject
Project("{FAE04EC0-301F-11D3-BF4B-00C04F79EFBC}") = "RecogidasMasivas.Client", "RecogidasMasivas\Client\RecogidasMasivas.Client.csproj", "{2A0426DD-7068-4C79-B14A-EE5B3E61471D}"
EndProject
Project("{FAE04EC0-301F-11D3-BF4B-00C04F79EFBC}") = "RecogidasMasivas.Shared", "RecogidasMasivas\Shared\RecogidasMasivas.Shared.csproj", "{F31A1004-97CD-45CC-9674-41FDCF871D35}"
EndProject
Global
	GlobalSection(SolutionConfigurationPlatforms) = preSolution
		Debug|Any CPU = Debug|Any CPU
		Release|Any CPU = Release|Any CPU
	EndGlobalSection
	GlobalSection(ProjectConfigurationPlatforms) = postSolution
		{30B64287-0150-47C9-AB86-1B1B4B6614A1}.Debug|Any CPU.ActiveCfg = Debug|Any CPU
		{30B64287-0150-47C9-AB86-1B1B4B6614A1}.Debug|Any CPU.Build.0 = Debug|Any CPU
		{30B64287-0150-47C9-AB86-1B1B4B6614A1}.Release|Any CPU.ActiveCfg = Release|Any CPU
		{30B64287-0150-47C9-AB86-1B1B4B6614A1}.Release|Any CPU.Build.0 = Release|Any CPU
		{2A0426DD-7068-4C79-B14A-EE5B3E61471D}.Debug|Any CPU.ActiveCfg = Debug|Any CPU
		{2A0426DD-7068-4C79-B14A-EE5B3E61471D}.Debug|Any CPU.Build.0 = Debug|Any CPU
		{2A0426DD-7068-4C79-B14A-EE5B3E61471D}.Release|Any CPU.ActiveCfg = Release|Any CPU
		{2A0426DD-7068-4C79-B14A-EE5B3E61471D}.Release|Any CPU.Build.0 = Release|Any CPU
		{F31A1004-97CD-45CC-9674-41FDCF871D35}.Debug|Any CPU.ActiveCfg = Debug|Any CPU
		{F31A1004-97CD-45CC-9674-41FDCF871D35}.Debug|Any CPU.Build.0 = Debug|Any CPU
		{F31A1004-97CD-45CC-9674-41FDCF871D35}.Release|Any CPU.ActiveCfg = Release|Any CPU
		{F31A1004-97CD-45CC-9674-41FDCF871D35}.Release|Any CPU.Build.0 = Release|Any CPU
	EndGlobalSection
	GlobalSection(SolutionProperties) = preSolution
		HideSolutionNode = FALSE
	EndGlobalSection
	GlobalSection(ExtensibilityGlobals) = postSolution
		SolutionGuid = {F3B2CA7A-7CD6-41D6-925C-165C5BE5F866}
	EndGlobalSection
EndGlobal
